// !$*UTF8*$!
{
	archiveVersion = 1;
	classes = {
	};
	objectVersion = 46;
	objects = {

/* Begin PBXBuildFile section */
		818CF3B11D01F3A600533E13 /* AppDelegate.swift in Sources */ = {isa = PBXBuildFile; fileRef = 818CF3B01D01F3A600533E13 /* AppDelegate.swift */; };
		818CF3B31D01F3A600533E13 /* ViewController.swift in Sources */ = {isa = PBXBuildFile; fileRef = 818CF3B21D01F3A600533E13 /* ViewController.swift */; };
		818CF3B61D01F3A600533E13 /* Main.storyboard in Resources */ = {isa = PBXBuildFile; fileRef = 818CF3B41D01F3A600533E13 /* Main.storyboard */; };
		818CF3B81D01F3A600533E13 /* Assets.xcassets in Resources */ = {isa = PBXBuildFile; fileRef = 818CF3B71D01F3A600533E13 /* Assets.xcassets */; };
		818CF3BB1D01F3A600533E13 /* LaunchScreen.storyboard in Resources */ = {isa = PBXBuildFile; fileRef = 818CF3B91D01F3A600533E13 /* LaunchScreen.storyboard */; };
		818CF3C31D01F44200533E13 /* space-invaders.jpg in Resources */ = {isa = PBXBuildFile; fileRef = 818CF3C21D01F44200533E13 /* space-invaders.jpg */; };
/* End PBXBuildFile section */

/* Begin PBXFileReference section */
		818CF3AD1D01F3A600533E13 /* RecursosAvancados.app */ = {isa = PBXFileReference; explicitFileType = wrapper.application; includeInIndex = 0; path = RecursosAvancados.app; sourceTree = BUILT_PRODUCTS_DIR; };
		818CF3B01D01F3A600533E13 /* AppDelegate.swift */ = {isa = PBXFileReference; lastKnownFileType = sourcecode.swift; path = AppDelegate.swift; sourceTree = "<group>"; };
		818CF3B21D01F3A600533E13 /* ViewController.swift */ = {isa = PBXFileReference; lastKnownFileType = sourcecode.swift; path = ViewController.swift; sourceTree = "<group>"; };
		818CF3B51D01F3A600533E13 /* Base */ = {isa = PBXFileReference; lastKnownFileType = file.storyboard; name = Base; path = Base.lproj/Main.storyboard; sourceTree = "<group>"; };
		818CF3B71D01F3A600533E13 /* Assets.xcassets */ = {isa = PBXFileReference; lastKnownFileType = folder.assetcatalog; path = Assets.xcassets; sourceTree = "<group>"; };
		818CF3BA1D01F3A600533E13 /* Base */ = {isa = PBXFileReference; lastKnownFileType = file.storyboard; name = Base; path = Base.lproj/LaunchScreen.storyboard; sourceTree = "<group>"; };
		818CF3BC1D01F3A600533E13 /* Info.plist */ = {isa = PBXFileReference; lastKnownFileType = text.plist.xml; path = Info.plist; sourceTree = "<group>"; };
		818CF3C21D01F44200533E13 /* space-invaders.jpg */ = {isa = PBXFileReference; lastKnownFileType = image.jpeg; name = "space-invaders.jpg"; path = "../../../../space-invaders.jpg"; sourceTree = "<group>"; };
/* End PBXFileReference section */

/* Begin PBXFrameworksBuildPhase section */
		818CF3AA1D01F3A600533E13 /* Frameworks */ = {
			isa = PBXFrameworksBuildPhase;
			buildActionMask = 2147483647;
			files = (
			);
			runOnlyForDeploymentPostprocessing = 0;
		};
/* End PBXFrameworksBuildPhase section */

/* Begin PBXGroup section */
		818CF3A41D01F3A600533E13 = {
			isa = PBXGroup;
			children = (
				818CF3AF1D01F3A600533E13 /* RecursosAvancados */,
				818CF3AE1D01F3A600533E13 /* Products */,
			);
			sourceTree = "<group>";
		};
		818CF3AE1D01F3A600533E13 /* Products */ = {
			isa = PBXGroup;
			children = (
				818CF3AD1D01F3A600533E13 /* RecursosAvancados.app */,
			);
			name = Products;
			sourceTree = "<group>";
		};
		818CF3AF1D01F3A600533E13 /* RecursosAvancados */ = {
			isa = PBXGroup;
			children = (
				818CF3C21D01F44200533E13 /* space-invaders.jpg */,
				818CF3B01D01F3A600533E13 /* AppDelegate.swift */,
				818CF3B21D01F3A600533E13 /* ViewController.swift */,
				818CF3B41D01F3A600533E13 /* Main.storyboard */,
				818CF3B71D01F3A600533E13 /* Assets.xcassets */,
				818CF3B91D01F3A600533E13 /* LaunchScreen.storyboard */,
				818CF3BC1D01F3A600533E13 /* Info.plist */,
			);
			path = RecursosAvancados;
			sourceTree = "<group>";
		};
/* End PBXGroup section */

/* Begin PBXNativeTarget section */
		818CF3AC1D01F3A600533E13 /* RecursosAvancados */ = {
			isa = PBXNativeTarget;
			buildConfigurationList = 818CF3BF1D01F3A600533E13 /* Build configuration list for PBXNativeTarget "RecursosAvancados" */;
			buildPhases = (
				818CF3A91D01F3A600533E13 /* Sources */,
				818CF3AA1D01F3A600533E13 /* Frameworks */,
				818CF3AB1D01F3A600533E13 /* Resources */,
			);
			buildRules = (
			);
			dependencies = (
			);
			name = RecursosAvancados;
			productName = RecursosAvancados;
			productReference = 818CF3AD1D01F3A600533E13 /* RecursosAvancados.app */;
			productType = "com.apple.product-type.application";
		};
/* End PBXNativeTarget section */

/* Begin PBXProject section */
		818CF3A51D01F3A600533E13 /* Project object */ = {
			isa = PBXProject;
			attributes = {
				LastSwiftUpdateCheck = 0720;
				LastUpgradeCheck = 0720;
				ORGANIZATIONNAME = Rodrigo;
				TargetAttributes = {
					818CF3AC1D01F3A600533E13 = {
						CreatedOnToolsVersion = 7.2.1;
					};
				};
			};
			buildConfigurationList = 818CF3A81D01F3A600533E13 /* Build configuration list for PBXProject "RecursosAvancados" */;
			compatibilityVersion = "Xcode 3.2";
			developmentRegion = English;
			hasScannedForEncodings = 0;
			knownRegions = (
				en,
				Base,
			);
			mainGroup = 818CF3A41D01F3A600533E13;
			productRefGroup = 818CF3AE1D01F3A600533E13 /* Products */;
			projectDirPath = "";
			projectRoot = "";
			targets = (
				818CF3AC1D01F3A600533E13 /* RecursosAvancados */,
			);
		};
/* End PBXProject section */

/* Begin PBXResourcesBuildPhase section */
		818CF3AB1D01F3A600533E13 /* Resources */ = {
			isa = PBXResourcesBuildPhase;
			buildActionMask = 2147483647;
			files = (
				818CF3BB1D01F3A600533E13 /* LaunchScreen.storyboard in Resources */,
				818CF3B81D01F3A600533E13 /* Assets.xcassets in Resources */,
				818CF3C31D01F44200533E13 /* space-invaders.jpg in Resources */,
				818CF3B61D01F3A600533E13 /* Main.storyboard in Resources */,
			);
			runOnlyForDeploymentPostprocessing = 0;
		};
/* End PBXResourcesBuildPhase section */

/* Begin PBXSourcesBuildPhase section */
		818CF3A91D01F3A600533E13 /* Sources */ = {
			isa = PBXSourcesBuildPhase;
			buildActionMask = 2147483647;
			files = (
				818CF3B31D01F3A600533E13 /* ViewController.swift in Sources */,
				818CF3B11D01F3A600533E13 /* AppDelegate.swift in Sources */,
			);
			runOnlyForDeploymentPostprocessing = 0;
		};
/* End PBXSourcesBuildPhase section */

/* Begin PBXVariantGroup section */
		818CF3B41D01F3A600533E13 /* Main.storyboard */ = {
			isa = PBXVariantGroup;
			children = (
				818CF3B51D01F3A600533E13 /* Base */,
			);
			name = Main.storyboard;
			sourceTree = "<group>";
		};
		818CF3B91D01F3A600533E13 /* LaunchScreen.storyboard */ = {
			isa = PBXVariantGroup;
			children = (
				818CF3BA1D01F3A600533E13 /* Base */,
			);
			name = LaunchScreen.storyboard;
			sourceTree = "<group>";
		};
/* End PBXVariantGroup section */

/* Begin XCBuildConfiguration section */
		818CF3BD1D01F3A600533E13 /* Debug */ = {
			isa = XCBuildConfiguration;
			buildSettings = {
				ALWAYS_SEARCH_USER_PATHS = NO;
				CLANG_CXX_LANGUAGE_STANDARD = "gnu++0x";
				CLANG_CXX_LIBRARY = "libc++";
				CLANG_ENABLE_MODULES = YES;
				CLANG_ENABLE_OBJC_ARC = YES;
				CLANG_WARN_BOOL_CONVERSION = YES;
				CLANG_WARN_CONSTANT_CONVERSION = YES;
				CLANG_WARN_DIRECT_OBJC_ISA_USAGE = YES_ERROR;
				CLANG_WARN_EMPTY_BODY = YES;
				CLANG_WARN_ENUM_CONVERSION = YES;
				CLANG_WARN_INT_CONVERSION = YES;
				CLANG_WARN_OBJC_ROOT_CLASS = YES_ERROR;
				CLANG_WARN_UNREACHABLE_CODE = YES;
				CLANG_WARN__DUPLICATE_METHOD_MATCH = YES;
				"CODE_SIGN_IDENTITY[sdk=iphoneos*]" = "iPhone Developer";
				COPY_PHASE_STRIP = NO;
				DEBUG_INFORMATION_FORMAT = dwarf;
				ENABLE_STRICT_OBJC_MSGSEND = YES;
				ENABLE_TESTABILITY = YES;
				GCC_C_LANGUAGE_STANDARD = gnu99;
				GCC_DYNAMIC_NO_PIC = NO;
				GCC_NO_COMMON_BLOCKS = YES;
				GCC_OPTIMIZATION_LEVEL = 0;
				GCC_PREPROCESSOR_DEFINITIONS = (
					"DEBUG=1",
					"$(inherited)",
				);
				GCC_WARN_64_TO_32_BIT_CONVERSION = YES;
				GCC_WARN_ABOUT_RETURN_TYPE = YES_ERROR;
				GCC_WARN_UNDECLARED_SELECTOR = YES;
				GCC_WARN_UNINITIALIZED_AUTOS = YES_AGGRESSIVE;
				GCC_WARN_UNUSED_FUNCTION = YES;
				GCC_WARN_UNUSED_VARIABLE = YES;
				IPHONEOS_DEPLOYMENT_TARGET = 9.2;
				MTL_ENABLE_DEBUG_INFO = YES;
				ONLY_ACTIVE_ARCH = YES;
				SDKROOT = iphoneos;
				SWIFT_OPTIMIZATION_LEVEL = "-Onone";
			};
			name = Debug;
		};
		818CF3BE1D01F3A600533E13 /* Release */ = {
			isa = XCBuildConfiguration;
			buildSettings = {
				ALWAYS_SEARCH_USER_PATHS = NO;
				CLANG_CXX_LANGUAGE_STANDARD = "gnu++0x";
				CLANG_CXX_LIBRARY = "libc++";
				CLANG_ENABLE_MODULES = YES;
				CLANG_ENABLE_OBJC_ARC = YES;
				CLANG_WARN_BOOL_CONVERSION = YES;
				CLANG_WARN_CONSTANT_CONVERSION = YES;
				CLANG_WARN_DIRECT_OBJC_ISA_USAGE = YES_ERROR;
				CLANG_WARN_EMPTY_BODY = YES;
				CLANG_WARN_ENUM_CONVERSION = YES;
				CLANG_WARN_INT_CONVERSION = YES;
				CLANG_WARN_OBJC_ROOT_CLASS = YES_ERROR;
				CLANG_WARN_UNREACHABLE_CODE = YES;
				CLANG_WARN__DUPLICATE_METHOD_MATCH = YES;
				"CODE_SIGN_IDENTITY[sdk=iphoneos*]" = "iPhone Developer";
				COPY_PHASE_STRIP = NO;
				DEBUG_INFORMATION_FORMAT = "dwarf-with-dsym";
				ENABLE_NS_ASSERTIONS = NO;
				ENABLE_STRICT_OBJC_MSGSEND = YES;
				GCC_C_LANGUAGE_STANDARD = gnu99;
				GCC_NO_COMMON_BLOCKS = YES;
				GCC_WARN_64_TO_32_BIT_CONVERSION = YES;
				GCC_WARN_ABOUT_RETURN_TYPE = YES_ERROR;
				GCC_WARN_UNDECLARED_SELECTOR = YES;
				GCC_WARN_UNINITIALIZED_AUTOS = YES_AGGRESSIVE;
				GCC_WARN_UNUSED_FUNCTION = YES;
				GCC_WARN_UNUSED_VARIABLE = YES;
				IPHONEOS_DEPLOYMENT_TARGET = 9.2;
				MTL_ENABLE_DEBUG_INFO = NO;
				SDKROOT = iphoneos;
				VALIDATE_PRODUCT = YES;
			};
			name = Release;
		};
		818CF3C01D01F3A600533E13 /* Debug */ = {
			isa = XCBuildConfiguration;
			buildSettings = {
				ASSETCATALOG_COMPILER_APPICON_NAME = AppIcon;
				INFOPLIST_FILE = RecursosAvancados/Info.plist;
				LD_RUNPATH_SEARCH_PATHS = "$(inherited) @executable_path/Frameworks";
				PRODUCT_BUNDLE_IDENTIFIER = br.com.rodrigo.RecursosAvancados;
				PRODUCT_NAME = "$(TARGET_NAME)";
			};
			name = Debug;
		};
		818CF3C11D01F3A600533E13 /* Release */ = {
			isa = XCBuildConfiguration;
			buildSettings = {
				ASSETCATALOG_COMPILER_APPICON_NAME = AppIcon;
				INFOPLIST_FILE = RecursosAvancados/Info.plist;
				LD_RUNPATH_SEARCH_PATHS = "$(inherited) @executable_path/Frameworks";
				PRODUCT_BUNDLE_IDENTIFIER = br.com.rodrigo.RecursosAvancados;
				PRODUCT_NAME = "$(TARGET_NAME)";
			};
			name = Release;
		};
/* End XCBuildConfiguration section */

/* Begin XCConfigurationList section */
		818CF3A81D01F3A600533E13 /* Build configuration list for PBXProject "RecursosAvancados" */ = {
			isa = XCConfigurationList;
			buildConfigurations = (
				818CF3BD1D01F3A600533E13 /* Debug */,
				818CF3BE1D01F3A600533E13 /* Release */,
			);
			defaultConfigurationIsVisible = 0;
			defaultConfigurationName = Release;
		};
		818CF3BF1D01F3A600533E13 /* Build configuration list for PBXNativeTarget "RecursosAvancados" */ = {
			isa = XCConfigurationList;
			buildConfigurations = (
				818CF3C01D01F3A600533E13 /* Debug */,
				818CF3C11D01F3A600533E13 /* Release */,
			);
			defaultConfigurationIsVisible = 0;
		};
/* End XCConfigurationList section */
	};
	rootObject = 818CF3A51D01F3A600533E13 /* Project object */;
}
